// !$*UTF8*$!
{
	archiveVersion = 1;
	classes = {
	};
	objectVersion = 55;
	objects = {

/* Begin PBXBuildFile section */
		7D36CC58862F07D654F15F47 /* Pods_Flix.framework in Frameworks */ = {isa = PBXBuildFile; fileRef = 5CE183AF654C452F3A1F2E30 /* Pods_Flix.framework */; };
		882A48D58680A54AC101A513 /* Pods_Flix_FlixUITests.framework in Frameworks */ = {isa = PBXBuildFile; fileRef = B9A616163F11A53268AAE018 /* Pods_Flix_FlixUITests.framework */; };
		B48CF1B4CA53770E351B900A /* Pods_FlixTests.framework in Frameworks */ = {isa = PBXBuildFile; fileRef = 11B6BEB0D911B04A6457B548 /* Pods_FlixTests.framework */; };
		E200360327ADD31D00BEB7C3 /* AppDelegate.swift in Sources */ = {isa = PBXBuildFile; fileRef = E200360227ADD31D00BEB7C3 /* AppDelegate.swift */; };
		E200360527ADD31D00BEB7C3 /* SceneDelegate.swift in Sources */ = {isa = PBXBuildFile; fileRef = E200360427ADD31D00BEB7C3 /* SceneDelegate.swift */; };
		E200360727ADD31D00BEB7C3 /* MoviesViewController.swift in Sources */ = {isa = PBXBuildFile; fileRef = E200360627ADD31D00BEB7C3 /* MoviesViewController.swift */; };
		E200360A27ADD31D00BEB7C3 /* Main.storyboard in Resources */ = {isa = PBXBuildFile; fileRef = E200360827ADD31D00BEB7C3 /* Main.storyboard */; };
		E200360C27ADD31F00BEB7C3 /* Assets.xcassets in Resources */ = {isa = PBXBuildFile; fileRef = E200360B27ADD31F00BEB7C3 /* Assets.xcassets */; };
		E200360F27ADD31F00BEB7C3 /* LaunchScreen.storyboard in Resources */ = {isa = PBXBuildFile; fileRef = E200360D27ADD31F00BEB7C3 /* LaunchScreen.storyboard */; };
		E200361A27ADD31F00BEB7C3 /* FlixTests.swift in Sources */ = {isa = PBXBuildFile; fileRef = E200361927ADD31F00BEB7C3 /* FlixTests.swift */; };
		E200362427ADD31F00BEB7C3 /* FlixUITests.swift in Sources */ = {isa = PBXBuildFile; fileRef = E200362327ADD31F00BEB7C3 /* FlixUITests.swift */; };
		E200362627ADD31F00BEB7C3 /* FlixUITestsLaunchTests.swift in Sources */ = {isa = PBXBuildFile; fileRef = E200362527ADD31F00BEB7C3 /* FlixUITestsLaunchTests.swift */; };
		E200363327AF821000BEB7C3 /* MovieCell.swift in Sources */ = {isa = PBXBuildFile; fileRef = E200363227AF821000BEB7C3 /* MovieCell.swift */; };
		E200363727B02EDE00BEB7C3 /* AlamofireImage in Frameworks */ = {isa = PBXBuildFile; productRef = E200363627B02EDE00BEB7C3 /* AlamofireImage */; };
/* End PBXBuildFile section */

/* Begin PBXContainerItemProxy section */
		E200361627ADD31F00BEB7C3 /* PBXContainerItemProxy */ = {
			isa = PBXContainerItemProxy;
			containerPortal = E20035F727ADD31D00BEB7C3 /* Project object */;
			proxyType = 1;
			remoteGlobalIDString = E20035FE27ADD31D00BEB7C3;
			remoteInfo = Flix;
		};
		E200362027ADD31F00BEB7C3 /* PBXContainerItemProxy */ = {
			isa = PBXContainerItemProxy;
			containerPortal = E20035F727ADD31D00BEB7C3 /* Project object */;
			proxyType = 1;
			remoteGlobalIDString = E20035FE27ADD31D00BEB7C3;
			remoteInfo = Flix;
		};
/* End PBXContainerItemProxy section */

/* Begin PBXFileReference section */
		039FBE0724723D3963A9C7D2 /* Pods-Flix-FlixUITests.debug.xcconfig */ = {isa = PBXFileReference; includeInIndex = 1; lastKnownFileType = text.xcconfig; name = "Pods-Flix-FlixUITests.debug.xcconfig"; path = "Target Support Files/Pods-Flix-FlixUITests/Pods-Flix-FlixUITests.debug.xcconfig"; sourceTree = "<group>"; };
		11B6BEB0D911B04A6457B548 /* Pods_FlixTests.framework */ = {isa = PBXFileReference; explicitFileType = wrapper.framework; includeInIndex = 0; path = Pods_FlixTests.framework; sourceTree = BUILT_PRODUCTS_DIR; };
		1D767E041D4E92143C8FC45C /* Pods-FlixTests.release.xcconfig */ = {isa = PBXFileReference; includeInIndex = 1; lastKnownFileType = text.xcconfig; name = "Pods-FlixTests.release.xcconfig"; path = "Target Support Files/Pods-FlixTests/Pods-FlixTests.release.xcconfig"; sourceTree = "<group>"; };
		2E39BD75C16C348C52BD5671 /* Pods-Flix-FlixUITests.release.xcconfig */ = {isa = PBXFileReference; includeInIndex = 1; lastKnownFileType = text.xcconfig; name = "Pods-Flix-FlixUITests.release.xcconfig"; path = "Target Support Files/Pods-Flix-FlixUITests/Pods-Flix-FlixUITests.release.xcconfig"; sourceTree = "<group>"; };
		56C2A008FCBF0150CC95B7EE /* Pods-FlixTests.debug.xcconfig */ = {isa = PBXFileReference; includeInIndex = 1; lastKnownFileType = text.xcconfig; name = "Pods-FlixTests.debug.xcconfig"; path = "Target Support Files/Pods-FlixTests/Pods-FlixTests.debug.xcconfig"; sourceTree = "<group>"; };
		5CE183AF654C452F3A1F2E30 /* Pods_Flix.framework */ = {isa = PBXFileReference; explicitFileType = wrapper.framework; includeInIndex = 0; path = Pods_Flix.framework; sourceTree = BUILT_PRODUCTS_DIR; };
		7532D35B5E820507350C089E /* Pods-Flix.debug.xcconfig */ = {isa = PBXFileReference; includeInIndex = 1; lastKnownFileType = text.xcconfig; name = "Pods-Flix.debug.xcconfig"; path = "Target Support Files/Pods-Flix/Pods-Flix.debug.xcconfig"; sourceTree = "<group>"; };
		7A3514F2489107A3B10CCB26 /* Pods-Flix.release.xcconfig */ = {isa = PBXFileReference; includeInIndex = 1; lastKnownFileType = text.xcconfig; name = "Pods-Flix.release.xcconfig"; path = "Target Support Files/Pods-Flix/Pods-Flix.release.xcconfig"; sourceTree = "<group>"; };
		B9A616163F11A53268AAE018 /* Pods_Flix_FlixUITests.framework */ = {isa = PBXFileReference; explicitFileType = wrapper.framework; includeInIndex = 0; path = Pods_Flix_FlixUITests.framework; sourceTree = BUILT_PRODUCTS_DIR; };
		E20035FF27ADD31D00BEB7C3 /* Flix.app */ = {isa = PBXFileReference; explicitFileType = wrapper.application; includeInIndex = 0; path = Flix.app; sourceTree = BUILT_PRODUCTS_DIR; };
		E200360227ADD31D00BEB7C3 /* AppDelegate.swift */ = {isa = PBXFileReference; lastKnownFileType = sourcecode.swift; path = AppDelegate.swift; sourceTree = "<group>"; };
		E200360427ADD31D00BEB7C3 /* SceneDelegate.swift */ = {isa = PBXFileReference; lastKnownFileType = sourcecode.swift; path = SceneDelegate.swift; sourceTree = "<group>"; };
		E200360627ADD31D00BEB7C3 /* MoviesViewController.swift */ = {isa = PBXFileReference; lastKnownFileType = sourcecode.swift; path = MoviesViewController.swift; sourceTree = "<group>"; };
		E200360927ADD31D00BEB7C3 /* Base */ = {isa = PBXFileReference; lastKnownFileType = file.storyboard; name = Base; path = Base.lproj/Main.storyboard; sourceTree = "<group>"; };
		E200360B27ADD31F00BEB7C3 /* Assets.xcassets */ = {isa = PBXFileReference; lastKnownFileType = folder.assetcatalog; path = Assets.xcassets; sourceTree = "<group>"; };
		E200360E27ADD31F00BEB7C3 /* Base */ = {isa = PBXFileReference; lastKnownFileType = file.storyboard; name = Base; path = Base.lproj/LaunchScreen.storyboard; sourceTree = "<group>"; };
		E200361027ADD31F00BEB7C3 /* Info.plist */ = {isa = PBXFileReference; lastKnownFileType = text.plist.xml; path = Info.plist; sourceTree = "<group>"; };
		E200361527ADD31F00BEB7C3 /* FlixTests.xctest */ = {isa = PBXFileReference; explicitFileType = wrapper.cfbundle; includeInIndex = 0; path = FlixTests.xctest; sourceTree = BUILT_PRODUCTS_DIR; };
		E200361927ADD31F00BEB7C3 /* FlixTests.swift */ = {isa = PBXFileReference; lastKnownFileType = sourcecode.swift; path = FlixTests.swift; sourceTree = "<group>"; };
		E200361F27ADD31F00BEB7C3 /* FlixUITests.xctest */ = {isa = PBXFileReference; explicitFileType = wrapper.cfbundle; includeInIndex = 0; path = FlixUITests.xctest; sourceTree = BUILT_PRODUCTS_DIR; };
		E200362327ADD31F00BEB7C3 /* FlixUITests.swift */ = {isa = PBXFileReference; lastKnownFileType = sourcecode.swift; path = FlixUITests.swift; sourceTree = "<group>"; };
		E200362527ADD31F00BEB7C3 /* FlixUITestsLaunchTests.swift */ = {isa = PBXFileReference; lastKnownFileType = sourcecode.swift; path = FlixUITestsLaunchTests.swift; sourceTree = "<group>"; };
		E200363227AF821000BEB7C3 /* MovieCell.swift */ = {isa = PBXFileReference; lastKnownFileType = sourcecode.swift; path = MovieCell.swift; sourceTree = "<group>"; };
		E200363427AFB19300BEB7C3 /* MyLibrary */ = {isa = PBXFileReference; lastKnownFileType = wrapper; name = MyLibrary; path = ../../MyLibrary; sourceTree = "<group>"; };
/* End PBXFileReference section */

/* Begin PBXFrameworksBuildPhase section */
		E20035FC27ADD31D00BEB7C3 /* Frameworks */ = {
			isa = PBXFrameworksBuildPhase;
			buildActionMask = 2147483647;
			files = (
				E200363727B02EDE00BEB7C3 /* AlamofireImage in Frameworks */,
				7D36CC58862F07D654F15F47 /* Pods_Flix.framework in Frameworks */,
			);
			runOnlyForDeploymentPostprocessing = 0;
		};
		E200361227ADD31F00BEB7C3 /* Frameworks */ = {
			isa = PBXFrameworksBuildPhase;
			buildActionMask = 2147483647;
			files = (
				B48CF1B4CA53770E351B900A /* Pods_FlixTests.framework in Frameworks */,
			);
			runOnlyForDeploymentPostprocessing = 0;
		};
		E200361C27ADD31F00BEB7C3 /* Frameworks */ = {
			isa = PBXFrameworksBuildPhase;
			buildActionMask = 2147483647;
			files = (
				882A48D58680A54AC101A513 /* Pods_Flix_FlixUITests.framework in Frameworks */,
			);
			runOnlyForDeploymentPostprocessing = 0;
		};
/* End PBXFrameworksBuildPhase section */

/* Begin PBXGroup section */
		44C1D5016576572178EAD588 /* Pods */ = {
			isa = PBXGroup;
			children = (
				7532D35B5E820507350C089E /* Pods-Flix.debug.xcconfig */,
				7A3514F2489107A3B10CCB26 /* Pods-Flix.release.xcconfig */,
				039FBE0724723D3963A9C7D2 /* Pods-Flix-FlixUITests.debug.xcconfig */,
				2E39BD75C16C348C52BD5671 /* Pods-Flix-FlixUITests.release.xcconfig */,
				56C2A008FCBF0150CC95B7EE /* Pods-FlixTests.debug.xcconfig */,
				1D767E041D4E92143C8FC45C /* Pods-FlixTests.release.xcconfig */,
			);
			name = Pods;
			path = Pods;
			sourceTree = "<group>";
		};
		B9396753FC0585023E07C0FD /* Frameworks */ = {
			isa = PBXGroup;
			children = (
				5CE183AF654C452F3A1F2E30 /* Pods_Flix.framework */,
				B9A616163F11A53268AAE018 /* Pods_Flix_FlixUITests.framework */,
				11B6BEB0D911B04A6457B548 /* Pods_FlixTests.framework */,
			);
			name = Frameworks;
			sourceTree = "<group>";
		};
		E20035F627ADD31D00BEB7C3 = {
			isa = PBXGroup;
			children = (
				E200360127ADD31D00BEB7C3 /* Flix */,
				E200361827ADD31F00BEB7C3 /* FlixTests */,
				E200362227ADD31F00BEB7C3 /* FlixUITests */,
				E200360027ADD31D00BEB7C3 /* Products */,
				44C1D5016576572178EAD588 /* Pods */,
				B9396753FC0585023E07C0FD /* Frameworks */,
			);
			sourceTree = "<group>";
		};
		E200360027ADD31D00BEB7C3 /* Products */ = {
			isa = PBXGroup;
			children = (
				E20035FF27ADD31D00BEB7C3 /* Flix.app */,
				E200361527ADD31F00BEB7C3 /* FlixTests.xctest */,
				E200361F27ADD31F00BEB7C3 /* FlixUITests.xctest */,
			);
			name = Products;
			sourceTree = "<group>";
		};
		E200360127ADD31D00BEB7C3 /* Flix */ = {
			isa = PBXGroup;
			children = (
				E200363427AFB19300BEB7C3 /* MyLibrary */,
				E200360227ADD31D00BEB7C3 /* AppDelegate.swift */,
				E200360427ADD31D00BEB7C3 /* SceneDelegate.swift */,
				E200360627ADD31D00BEB7C3 /* MoviesViewController.swift */,
				E200360827ADD31D00BEB7C3 /* Main.storyboard */,
				E200363227AF821000BEB7C3 /* MovieCell.swift */,
				E200360B27ADD31F00BEB7C3 /* Assets.xcassets */,
				E200360D27ADD31F00BEB7C3 /* LaunchScreen.storyboard */,
				E200361027ADD31F00BEB7C3 /* Info.plist */,
			);
			path = Flix;
			sourceTree = "<group>";
		};
		E200361827ADD31F00BEB7C3 /* FlixTests */ = {
			isa = PBXGroup;
			children = (
				E200361927ADD31F00BEB7C3 /* FlixTests.swift */,
			);
			path = FlixTests;
			sourceTree = "<group>";
		};
		E200362227ADD31F00BEB7C3 /* FlixUITests */ = {
			isa = PBXGroup;
			children = (
				E200362327ADD31F00BEB7C3 /* FlixUITests.swift */,
				E200362527ADD31F00BEB7C3 /* FlixUITestsLaunchTests.swift */,
			);
			path = FlixUITests;
			sourceTree = "<group>";
		};
/* End PBXGroup section */

/* Begin PBXNativeTarget section */
		E20035FE27ADD31D00BEB7C3 /* Flix */ = {
			isa = PBXNativeTarget;
			buildConfigurationList = E200362927ADD31F00BEB7C3 /* Build configuration list for PBXNativeTarget "Flix" */;
			buildPhases = (
				7D53F354C8A890B9CBBE4090 /* [CP] Check Pods Manifest.lock */,
				E20035FB27ADD31D00BEB7C3 /* Sources */,
				E20035FC27ADD31D00BEB7C3 /* Frameworks */,
				E20035FD27ADD31D00BEB7C3 /* Resources */,
				B5C7A4FB7AA5AFEC2A8B75E6 /* [CP] Embed Pods Frameworks */,
			);
			buildRules = (
			);
			dependencies = (
			);
			name = Flix;
			packageProductDependencies = (
				E200363627B02EDE00BEB7C3 /* AlamofireImage */,
			);
			productName = Flix;
			productReference = E20035FF27ADD31D00BEB7C3 /* Flix.app */;
			productType = "com.apple.product-type.application";
		};
		E200361427ADD31F00BEB7C3 /* FlixTests */ = {
			isa = PBXNativeTarget;
			buildConfigurationList = E200362C27ADD31F00BEB7C3 /* Build configuration list for PBXNativeTarget "FlixTests" */;
			buildPhases = (
				48167C9C8EAD8C0DE5A92C3B /* [CP] Check Pods Manifest.lock */,
				E200361127ADD31F00BEB7C3 /* Sources */,
				E200361227ADD31F00BEB7C3 /* Frameworks */,
				E200361327ADD31F00BEB7C3 /* Resources */,
			);
			buildRules = (
			);
			dependencies = (
				E200361727ADD31F00BEB7C3 /* PBXTargetDependency */,
			);
			name = FlixTests;
			productName = FlixTests;
			productReference = E200361527ADD31F00BEB7C3 /* FlixTests.xctest */;
			productType = "com.apple.product-type.bundle.unit-test";
		};
		E200361E27ADD31F00BEB7C3 /* FlixUITests */ = {
			isa = PBXNativeTarget;
			buildConfigurationList = E200362F27ADD31F00BEB7C3 /* Build configuration list for PBXNativeTarget "FlixUITests" */;
			buildPhases = (
				3D0FDE8E3A76B134507322D3 /* [CP] Check Pods Manifest.lock */,
				E200361B27ADD31F00BEB7C3 /* Sources */,
				E200361C27ADD31F00BEB7C3 /* Frameworks */,
				E200361D27ADD31F00BEB7C3 /* Resources */,
				16ACDC0F78B18DB6AA06264B /* [CP] Embed Pods Frameworks */,
			);
			buildRules = (
			);
			dependencies = (
				E200362127ADD31F00BEB7C3 /* PBXTargetDependency */,
			);
			name = FlixUITests;
			productName = FlixUITests;
			productReference = E200361F27ADD31F00BEB7C3 /* FlixUITests.xctest */;
			productType = "com.apple.product-type.bundle.ui-testing";
		};
/* End PBXNativeTarget section */

/* Begin PBXProject section */
		E20035F727ADD31D00BEB7C3 /* Project object */ = {
			isa = PBXProject;
			attributes = {
				BuildIndependentTargetsInParallel = 1;
				LastSwiftUpdateCheck = 1320;
				LastUpgradeCheck = 1320;
				TargetAttributes = {
					E20035FE27ADD31D00BEB7C3 = {
						CreatedOnToolsVersion = 13.2.1;
					};
					E200361427ADD31F00BEB7C3 = {
						CreatedOnToolsVersion = 13.2.1;
						TestTargetID = E20035FE27ADD31D00BEB7C3;
					};
					E200361E27ADD31F00BEB7C3 = {
						CreatedOnToolsVersion = 13.2.1;
						TestTargetID = E20035FE27ADD31D00BEB7C3;
					};
				};
			};
			buildConfigurationList = E20035FA27ADD31D00BEB7C3 /* Build configuration list for PBXProject "Flix" */;
			compatibilityVersion = "Xcode 13.0";
			developmentRegion = en;
			hasScannedForEncodings = 0;
			knownRegions = (
				en,
				Base,
			);
			mainGroup = E20035F627ADD31D00BEB7C3;
			packageReferences = (
				E200363527B02EDE00BEB7C3 /* XCRemoteSwiftPackageReference "AlamofireImage" */,
			);
			productRefGroup = E200360027ADD31D00BEB7C3 /* Products */;
			projectDirPath = "";
			projectRoot = "";
			targets = (
				E20035FE27ADD31D00BEB7C3 /* Flix */,
				E200361427ADD31F00BEB7C3 /* FlixTests */,
				E200361E27ADD31F00BEB7C3 /* FlixUITests */,
			);
		};
/* End PBXProject section */

/* Begin PBXResourcesBuildPhase section */
		E20035FD27ADD31D00BEB7C3 /* Resources */ = {
			isa = PBXResourcesBuildPhase;
			buildActionMask = 2147483647;
			files = (
				E200360F27ADD31F00BEB7C3 /* LaunchScreen.storyboard in Resources */,
				E200360C27ADD31F00BEB7C3 /* Assets.xcassets in Resources */,
				E200360A27ADD31D00BEB7C3 /* Main.storyboard in Resources */,
			);
			runOnlyForDeploymentPostprocessing = 0;
		};
		E200361327ADD31F00BEB7C3 /* Resources */ = {
			isa = PBXResourcesBuildPhase;
			buildActionMask = 2147483647;
			files = (
			);
			runOnlyForDeploymentPostprocessing = 0;
		};
		E200361D27ADD31F00BEB7C3 /* Resources */ = {
			isa = PBXResourcesBuildPhase;
			buildActionMask = 2147483647;
			files = (
			);
			runOnlyForDeploymentPostprocessing = 0;
		};
/* End PBXResourcesBuildPhase section */

/* Begin PBXShellScriptBuildPhase section */
		16ACDC0F78B18DB6AA06264B /* [CP] Embed Pods Frameworks */ = {
			isa = PBXShellScriptBuildPhase;
			buildActionMask = 2147483647;
			files = (
			);
			inputFileListPaths = (
				"${PODS_ROOT}/Target Support Files/Pods-Flix-FlixUITests/Pods-Flix-FlixUITests-frameworks-${CONFIGURATION}-input-files.xcfilelist",
			);
			name = "[CP] Embed Pods Frameworks";
			outputFileListPaths = (
				"${PODS_ROOT}/Target Support Files/Pods-Flix-FlixUITests/Pods-Flix-FlixUITests-frameworks-${CONFIGURATION}-output-files.xcfilelist",
			);
			runOnlyForDeploymentPostprocessing = 0;
			shellPath = /bin/sh;
			shellScript = "\"${PODS_ROOT}/Target Support Files/Pods-Flix-FlixUITests/Pods-Flix-FlixUITests-frameworks.sh\"\n";
			showEnvVarsInLog = 0;
		};
		3D0FDE8E3A76B134507322D3 /* [CP] Check Pods Manifest.lock */ = {
			isa = PBXShellScriptBuildPhase;
			buildActionMask = 2147483647;
			files = (
			);
			inputFileListPaths = (
			);
			inputPaths = (
				"${PODS_PODFILE_DIR_PATH}/Podfile.lock",
				"${PODS_ROOT}/Manifest.lock",
			);
			name = "[CP] Check Pods Manifest.lock";
			outputFileListPaths = (
			);
			outputPaths = (
				"$(DERIVED_FILE_DIR)/Pods-Flix-FlixUITests-checkManifestLockResult.txt",
			);
			runOnlyForDeploymentPostprocessing = 0;
			shellPath = /bin/sh;
			shellScript = "diff \"${PODS_PODFILE_DIR_PATH}/Podfile.lock\" \"${PODS_ROOT}/Manifest.lock\" > /dev/null\nif [ $? != 0 ] ; then\n    # print error to STDERR\n    echo \"error: The sandbox is not in sync with the Podfile.lock. Run 'pod install' or update your CocoaPods installation.\" >&2\n    exit 1\nfi\n# This output is used by Xcode 'outputs' to avoid re-running this script phase.\necho \"SUCCESS\" > \"${SCRIPT_OUTPUT_FILE_0}\"\n";
			showEnvVarsInLog = 0;
		};
		48167C9C8EAD8C0DE5A92C3B /* [CP] Check Pods Manifest.lock */ = {
			isa = PBXShellScriptBuildPhase;
			buildActionMask = 2147483647;
			files = (
			);
			inputFileListPaths = (
			);
			inputPaths = (
				"${PODS_PODFILE_DIR_PATH}/Podfile.lock",
				"${PODS_ROOT}/Manifest.lock",
			);
			name = "[CP] Check Pods Manifest.lock";
			outputFileListPaths = (
			);
			outputPaths = (
				"$(DERIVED_FILE_DIR)/Pods-FlixTests-checkManifestLockResult.txt",
			);
			runOnlyForDeploymentPostprocessing = 0;
			shellPath = /bin/sh;
			shellScript = "diff \"${PODS_PODFILE_DIR_PATH}/Podfile.lock\" \"${PODS_ROOT}/Manifest.lock\" > /dev/null\nif [ $? != 0 ] ; then\n    # print error to STDERR\n    echo \"error: The sandbox is not in sync with the Podfile.lock. Run 'pod install' or update your CocoaPods installation.\" >&2\n    exit 1\nfi\n# This output is used by Xcode 'outputs' to avoid re-running this script phase.\necho \"SUCCESS\" > \"${SCRIPT_OUTPUT_FILE_0}\"\n";
			showEnvVarsInLog = 0;
		};
		7D53F354C8A890B9CBBE4090 /* [CP] Check Pods Manifest.lock */ = {
			isa = PBXShellScriptBuildPhase;
			buildActionMask = 2147483647;
			files = (
			);
			inputFileListPaths = (
			);
			inputPaths = (
				"${PODS_PODFILE_DIR_PATH}/Podfile.lock",
				"${PODS_ROOT}/Manifest.lock",
			);
			name = "[CP] Check Pods Manifest.lock";
			outputFileListPaths = (
			);
			outputPaths = (
				"$(DERIVED_FILE_DIR)/Pods-Flix-checkManifestLockResult.txt",
			);
			runOnlyForDeploymentPostprocessing = 0;
			shellPath = /bin/sh;
			shellScript = "diff \"${PODS_PODFILE_DIR_PATH}/Podfile.lock\" \"${PODS_ROOT}/Manifest.lock\" > /dev/null\nif [ $? != 0 ] ; then\n    # print error to STDERR\n    echo \"error: The sandbox is not in sync with the Podfile.lock. Run 'pod install' or update your CocoaPods installation.\" >&2\n    exit 1\nfi\n# This output is used by Xcode 'outputs' to avoid re-running this script phase.\necho \"SUCCESS\" > \"${SCRIPT_OUTPUT_FILE_0}\"\n";
			showEnvVarsInLog = 0;
		};
		B5C7A4FB7AA5AFEC2A8B75E6 /* [CP] Embed Pods Frameworks */ = {
			isa = PBXShellScriptBuildPhase;
			buildActionMask = 2147483647;
			files = (
			);
			inputFileListPaths = (
				"${PODS_ROOT}/Target Support Files/Pods-Flix/Pods-Flix-frameworks-${CONFIGURATION}-input-files.xcfilelist",
			);
			name = "[CP] Embed Pods Frameworks";
			outputFileListPaths = (
				"${PODS_ROOT}/Target Support Files/Pods-Flix/Pods-Flix-frameworks-${CONFIGURATION}-output-files.xcfilelist",
			);
			runOnlyForDeploymentPostprocessing = 0;
			shellPath = /bin/sh;
			shellScript = "\"${PODS_ROOT}/Target Support Files/Pods-Flix/Pods-Flix-frameworks.sh\"\n";
			showEnvVarsInLog = 0;
		};
/* End PBXShellScriptBuildPhase section */

/* Begin PBXSourcesBuildPhase section */
		E20035FB27ADD31D00BEB7C3 /* Sources */ = {
			isa = PBXSourcesBuildPhase;
			buildActionMask = 2147483647;
			files = (
				E200360727ADD31D00BEB7C3 /* MoviesViewController.swift in Sources */,
				E200360327ADD31D00BEB7C3 /* AppDelegate.swift in Sources */,
				E200363327AF821000BEB7C3 /* MovieCell.swift in Sources */,
				E200360527ADD31D00BEB7C3 /* SceneDelegate.swift in Sources */,
			);
			runOnlyForDeploymentPostprocessing = 0;
		};
		E200361127ADD31F00BEB7C3 /* Sources */ = {
			isa = PBXSourcesBuildPhase;
			buildActionMask = 2147483647;
			files = (
				E200361A27ADD31F00BEB7C3 /* FlixTests.swift in Sources */,
			);
			runOnlyForDeploymentPostprocessing = 0;
		};
		E200361B27ADD31F00BEB7C3 /* Sources */ = {
			isa = PBXSourcesBuildPhase;
			buildActionMask = 2147483647;
			files = (
				E200362427ADD31F00BEB7C3 /* FlixUITests.swift in Sources */,
				E200362627ADD31F00BEB7C3 /* FlixUITestsLaunchTests.swift in Sources */,
			);
			runOnlyForDeploymentPostprocessing = 0;
		};
/* End PBXSourcesBuildPhase section */

/* Begin PBXTargetDependency section */
		E200361727ADD31F00BEB7C3 /* PBXTargetDependency */ = {
			isa = PBXTargetDependency;
			target = E20035FE27ADD31D00BEB7C3 /* Flix */;
			targetProxy = E200361627ADD31F00BEB7C3 /* PBXContainerItemProxy */;
		};
		E200362127ADD31F00BEB7C3 /* PBXTargetDependency */ = {
			isa = PBXTargetDependency;
			target = E20035FE27ADD31D00BEB7C3 /* Flix */;
			targetProxy = E200362027ADD31F00BEB7C3 /* PBXContainerItemProxy */;
		};
/* End PBXTargetDependency section */

/* Begin PBXVariantGroup section */
		E200360827ADD31D00BEB7C3 /* Main.storyboard */ = {
			isa = PBXVariantGroup;
			children = (
				E200360927ADD31D00BEB7C3 /* Base */,
			);
			name = Main.storyboard;
			sourceTree = "<group>";
		};
		E200360D27ADD31F00BEB7C3 /* LaunchScreen.storyboard */ = {
			isa = PBXVariantGroup;
			children = (
				E200360E27ADD31F00BEB7C3 /* Base */,
			);
			name = LaunchScreen.storyboard;
			sourceTree = "<group>";
		};
/* End PBXVariantGroup section */

/* Begin XCBuildConfiguration section */
		E200362727ADD31F00BEB7C3 /* Debug */ = {
			isa = XCBuildConfiguration;
			buildSettings = {
				ALWAYS_SEARCH_USER_PATHS = NO;
				CLANG_ANALYZER_NONNULL = YES;
				CLANG_ANALYZER_NUMBER_OBJECT_CONVERSION = YES_AGGRESSIVE;
				CLANG_CXX_LANGUAGE_STANDARD = "gnu++17";
				CLANG_CXX_LIBRARY = "libc++";
				CLANG_ENABLE_MODULES = YES;
				CLANG_ENABLE_OBJC_ARC = YES;
				CLANG_ENABLE_OBJC_WEAK = YES;
				CLANG_WARN_BLOCK_CAPTURE_AUTORELEASING = YES;
				CLANG_WARN_BOOL_CONVERSION = YES;
				CLANG_WARN_COMMA = YES;
				CLANG_WARN_CONSTANT_CONVERSION = YES;
				CLANG_WARN_DEPRECATED_OBJC_IMPLEMENTATIONS = YES;
				CLANG_WARN_DIRECT_OBJC_ISA_USAGE = YES_ERROR;
				CLANG_WARN_DOCUMENTATION_COMMENTS = YES;
				CLANG_WARN_EMPTY_BODY = YES;
				CLANG_WARN_ENUM_CONVERSION = YES;
				CLANG_WARN_INFINITE_RECURSION = YES;
				CLANG_WARN_INT_CONVERSION = YES;
				CLANG_WARN_NON_LITERAL_NULL_CONVERSION = YES;
				CLANG_WARN_OBJC_IMPLICIT_RETAIN_SELF = YES;
				CLANG_WARN_OBJC_LITERAL_CONVERSION = YES;
				CLANG_WARN_OBJC_ROOT_CLASS = YES_ERROR;
				CLANG_WARN_QUOTED_INCLUDE_IN_FRAMEWORK_HEADER = YES;
				CLANG_WARN_RANGE_LOOP_ANALYSIS = YES;
				CLANG_WARN_STRICT_PROTOTYPES = YES;
				CLANG_WARN_SUSPICIOUS_MOVE = YES;
				CLANG_WARN_UNGUARDED_AVAILABILITY = YES_AGGRESSIVE;
				CLANG_WARN_UNREACHABLE_CODE = YES;
				CLANG_WARN__DUPLICATE_METHOD_MATCH = YES;
				COPY_PHASE_STRIP = NO;
				DEBUG_INFORMATION_FORMAT = dwarf;
				ENABLE_STRICT_OBJC_MSGSEND = YES;
				ENABLE_TESTABILITY = YES;
				GCC_C_LANGUAGE_STANDARD = gnu11;
				GCC_DYNAMIC_NO_PIC = NO;
				GCC_NO_COMMON_BLOCKS = YES;
				GCC_OPTIMIZATION_LEVEL = 0;
				GCC_PREPROCESSOR_DEFINITIONS = (
					"DEBUG=1",
					"$(inherited)",
				);
				GCC_WARN_64_TO_32_BIT_CONVERSION = YES;
				GCC_WARN_ABOUT_RETURN_TYPE = YES_ERROR;
				GCC_WARN_UNDECLARED_SELECTOR = YES;
				GCC_WARN_UNINITIALIZED_AUTOS = YES_AGGRESSIVE;
				GCC_WARN_UNUSED_FUNCTION = YES;
				GCC_WARN_UNUSED_VARIABLE = YES;
				IPHONEOS_DEPLOYMENT_TARGET = 15.2;
				MTL_ENABLE_DEBUG_INFO = INCLUDE_SOURCE;
				MTL_FAST_MATH = YES;
				ONLY_ACTIVE_ARCH = YES;
				SDKROOT = iphoneos;
				SWIFT_ACTIVE_COMPILATION_CONDITIONS = DEBUG;
				SWIFT_OPTIMIZATION_LEVEL = "-Onone";
			};
			name = Debug;
		};
		E200362827ADD31F00BEB7C3 /* Release */ = {
			isa = XCBuildConfiguration;
			buildSettings = {
				ALWAYS_SEARCH_USER_PATHS = NO;
				CLANG_ANALYZER_NONNULL = YES;
				CLANG_ANALYZER_NUMBER_OBJECT_CONVERSION = YES_AGGRESSIVE;
				CLANG_CXX_LANGUAGE_STANDARD = "gnu++17";
				CLANG_CXX_LIBRARY = "libc++";
				CLANG_ENABLE_MODULES = YES;
				CLANG_ENABLE_OBJC_ARC = YES;
				CLANG_ENABLE_OBJC_WEAK = YES;
				CLANG_WARN_BLOCK_CAPTURE_AUTORELEASING = YES;
				CLANG_WARN_BOOL_CONVERSION = YES;
				CLANG_WARN_COMMA = YES;
				CLANG_WARN_CONSTANT_CONVERSION = YES;
				CLANG_WARN_DEPRECATED_OBJC_IMPLEMENTATIONS = YES;
				CLANG_WARN_DIRECT_OBJC_ISA_USAGE = YES_ERROR;
				CLANG_WARN_DOCUMENTATION_COMMENTS = YES;
				CLANG_WARN_EMPTY_BODY = YES;
				CLANG_WARN_ENUM_CONVERSION = YES;
				CLANG_WARN_INFINITE_RECURSION = YES;
				CLANG_WARN_INT_CONVERSION = YES;
				CLANG_WARN_NON_LITERAL_NULL_CONVERSION = YES;
				CLANG_WARN_OBJC_IMPLICIT_RETAIN_SELF = YES;
				CLANG_WARN_OBJC_LITERAL_CONVERSION = YES;
				CLANG_WARN_OBJC_ROOT_CLASS = YES_ERROR;
				CLANG_WARN_QUOTED_INCLUDE_IN_FRAMEWORK_HEADER = YES;
				CLANG_WARN_RANGE_LOOP_ANALYSIS = YES;
				CLANG_WARN_STRICT_PROTOTYPES = YES;
				CLANG_WARN_SUSPICIOUS_MOVE = YES;
				CLANG_WARN_UNGUARDED_AVAILABILITY = YES_AGGRESSIVE;
				CLANG_WARN_UNREACHABLE_CODE = YES;
				CLANG_WARN__DUPLICATE_METHOD_MATCH = YES;
				COPY_PHASE_STRIP = NO;
				DEBUG_INFORMATION_FORMAT = "dwarf-with-dsym";
				ENABLE_NS_ASSERTIONS = NO;
				ENABLE_STRICT_OBJC_MSGSEND = YES;
				GCC_C_LANGUAGE_STANDARD = gnu11;
				GCC_NO_COMMON_BLOCKS = YES;
				GCC_WARN_64_TO_32_BIT_CONVERSION = YES;
				GCC_WARN_ABOUT_RETURN_TYPE = YES_ERROR;
				GCC_WARN_UNDECLARED_SELECTOR = YES;
				GCC_WARN_UNINITIALIZED_AUTOS = YES_AGGRESSIVE;
				GCC_WARN_UNUSED_FUNCTION = YES;
				GCC_WARN_UNUSED_VARIABLE = YES;
				IPHONEOS_DEPLOYMENT_TARGET = 15.2;
				MTL_ENABLE_DEBUG_INFO = NO;
				MTL_FAST_MATH = YES;
				SDKROOT = iphoneos;
				SWIFT_COMPILATION_MODE = wholemodule;
				SWIFT_OPTIMIZATION_LEVEL = "-O";
				VALIDATE_PRODUCT = YES;
			};
			name = Release;
		};
		E200362A27ADD31F00BEB7C3 /* Debug */ = {
			isa = XCBuildConfiguration;
			baseConfigurationReference = 7532D35B5E820507350C089E /* Pods-Flix.debug.xcconfig */;
			buildSettings = {
				ASSETCATALOG_COMPILER_APPICON_NAME = AppIcon;
				ASSETCATALOG_COMPILER_GLOBAL_ACCENT_COLOR_NAME = AccentColor;
				CODE_SIGN_STYLE = Automatic;
				CURRENT_PROJECT_VERSION = 1;
				DEVELOPMENT_TEAM = P2P67637PD;
				GENERATE_INFOPLIST_FILE = YES;
				INFOPLIST_FILE = Flix/Info.plist;
				INFOPLIST_KEY_UIApplicationSupportsIndirectInputEvents = YES;
				INFOPLIST_KEY_UILaunchStoryboardName = LaunchScreen;
				INFOPLIST_KEY_UIMainStoryboardFile = Main;
				INFOPLIST_KEY_UISupportedInterfaceOrientations_iPad = "UIInterfaceOrientationPortrait UIInterfaceOrientationPortraitUpsideDown UIInterfaceOrientationLandscapeLeft UIInterfaceOrientationLandscapeRight";
				INFOPLIST_KEY_UISupportedInterfaceOrientations_iPhone = "UIInterfaceOrientationPortrait UIInterfaceOrientationLandscapeLeft UIInterfaceOrientationLandscapeRight";
				LD_RUNPATH_SEARCH_PATHS = (
					"$(inherited)",
					"@executable_path/Frameworks",
				);
				MARKETING_VERSION = 1.0;
				PRODUCT_BUNDLE_IDENTIFIER = edu.vassar.codepath.Flix;
				PRODUCT_NAME = "$(TARGET_NAME)";
				SWIFT_EMIT_LOC_STRINGS = YES;
				SWIFT_VERSION = 5.0;
				TARGETED_DEVICE_FAMILY = "1,2";
			};
			name = Debug;
		};
		E200362B27ADD31F00BEB7C3 /* Release */ = {
			isa = XCBuildConfiguration;
			baseConfigurationReference = 7A3514F2489107A3B10CCB26 /* Pods-Flix.release.xcconfig */;
			buildSettings = {
				ASSETCATALOG_COMPILER_APPICON_NAME = AppIcon;
				ASSETCATALOG_COMPILER_GLOBAL_ACCENT_COLOR_NAME = AccentColor;
				CODE_SIGN_STYLE = Automatic;
				CURRENT_PROJECT_VERSION = 1;
				DEVELOPMENT_TEAM = P2P67637PD;
				GENERATE_INFOPLIST_FILE = YES;
				INFOPLIST_FILE = Flix/Info.plist;
				INFOPLIST_KEY_UIApplicationSupportsIndirectInputEvents = YES;
				INFOPLIST_KEY_UILaunchStoryboardName = LaunchScreen;
				INFOPLIST_KEY_UIMainStoryboardFile = Main;
				INFOPLIST_KEY_UISupportedInterfaceOrientations_iPad = "UIInterfaceOrientationPortrait UIInterfaceOrientationPortraitUpsideDown UIInterfaceOrientationLandscapeLeft UIInterfaceOrientationLandscapeRight";
				INFOPLIST_KEY_UISupportedInterfaceOrientations_iPhone = "UIInterfaceOrientationPortrait UIInterfaceOrientationLandscapeLeft UIInterfaceOrientationLandscapeRight";
				LD_RUNPATH_SEARCH_PATHS = (
					"$(inherited)",
					"@executable_path/Frameworks",
				);
				MARKETING_VERSION = 1.0;
				PRODUCT_BUNDLE_IDENTIFIER = edu.vassar.codepath.Flix;
				PRODUCT_NAME = "$(TARGET_NAME)";
				SWIFT_EMIT_LOC_STRINGS = YES;
				SWIFT_VERSION = 5.0;
				TARGETED_DEVICE_FAMILY = "1,2";
			};
			name = Release;
		};
		E200362D27ADD31F00BEB7C3 /* Debug */ = {
			isa = XCBuildConfiguration;
			baseConfigurationReference = 56C2A008FCBF0150CC95B7EE /* Pods-FlixTests.debug.xcconfig */;
			buildSettings = {
				ALWAYS_EMBED_SWIFT_STANDARD_LIBRARIES = YES;
				BUNDLE_LOADER = "$(TEST_HOST)";
				CODE_SIGN_STYLE = Automatic;
				CURRENT_PROJECT_VERSION = 1;
				DEVELOPMENT_TEAM = P2P67637PD;
				GENERATE_INFOPLIST_FILE = YES;
				IPHONEOS_DEPLOYMENT_TARGET = 15.2;
				MARKETING_VERSION = 1.0;
				PRODUCT_BUNDLE_IDENTIFIER = edu.vassar.codepath.FlixTests;
				PRODUCT_NAME = "$(TARGET_NAME)";
				SWIFT_EMIT_LOC_STRINGS = NO;
				SWIFT_VERSION = 5.0;
				TARGETED_DEVICE_FAMILY = "1,2";
				TEST_HOST = "$(BUILT_PRODUCTS_DIR)/Flix.app/Flix";
			};
			name = Debug;
		};
		E200362E27ADD31F00BEB7C3 /* Release */ = {
			isa = XCBuildConfiguration;
			baseConfigurationReference = 1D767E041D4E92143C8FC45C /* Pods-FlixTests.release.xcconfig */;
			buildSettings = {
				ALWAYS_EMBED_SWIFT_STANDARD_LIBRARIES = YES;
				BUNDLE_LOADER = "$(TEST_HOST)";
				CODE_SIGN_STYLE = Automatic;
				CURRENT_PROJECT_VERSION = 1;
				DEVELOPMENT_TEAM = P2P67637PD;
				GENERATE_INFOPLIST_FILE = YES;
				IPHONEOS_DEPLOYMENT_TARGET = 15.2;
				MARKETING_VERSION = 1.0;
				PRODUCT_BUNDLE_IDENTIFIER = edu.vassar.codepath.FlixTests;
				PRODUCT_NAME = "$(TARGET_NAME)";
				SWIFT_EMIT_LOC_STRINGS = NO;
				SWIFT_VERSION = 5.0;
				TARGETED_DEVICE_FAMILY = "1,2";
				TEST_HOST = "$(BUILT_PRODUCTS_DIR)/Flix.app/Flix";
			};
			name = Release;
		};
		E200363027ADD31F00BEB7C3 /* Debug */ = {
			isa = XCBuildConfiguration;
			baseConfigurationReference = 039FBE0724723D3963A9C7D2 /* Pods-Flix-FlixUITests.debug.xcconfig */;
			buildSettings = {
				ALWAYS_EMBED_SWIFT_STANDARD_LIBRARIES = YES;
				CODE_SIGN_STYLE = Automatic;
				CURRENT_PROJECT_VERSION = 1;
				DEVELOPMENT_TEAM = P2P67637PD;
				GENERATE_INFOPLIST_FILE = YES;
				MARKETING_VERSION = 1.0;
				PRODUCT_BUNDLE_IDENTIFIER = edu.vassar.codepath.FlixUITests;
				PRODUCT_NAME = "$(TARGET_NAME)";
				SWIFT_EMIT_LOC_STRINGS = NO;
				SWIFT_VERSION = 5.0;
				TARGETED_DEVICE_FAMILY = "1,2";
				TEST_TARGET_NAME = Flix;
			};
			name = Debug;
		};
		E200363127ADD31F00BEB7C3 /* Release */ = {
			isa = XCBuildConfiguration;
			baseConfigurationReference = 2E39BD75C16C348C52BD5671 /* Pods-Flix-FlixUITests.release.xcconfig */;
			buildSettings = {
				ALWAYS_EMBED_SWIFT_STANDARD_LIBRARIES = YES;
				CODE_SIGN_STYLE = Automatic;
				CURRENT_PROJECT_VERSION = 1;
				DEVELOPMENT_TEAM = P2P67637PD;
				GENERATE_INFOPLIST_FILE = YES;
				MARKETING_VERSION = 1.0;
				PRODUCT_BUNDLE_IDENTIFIER = edu.vassar.codepath.FlixUITests;
				PRODUCT_NAME = "$(TARGET_NAME)";
				SWIFT_EMIT_LOC_STRINGS = NO;
				SWIFT_VERSION = 5.0;
				TARGETED_DEVICE_FAMILY = "1,2";
				TEST_TARGET_NAME = Flix;
			};
			name = Release;
		};
/* End XCBuildConfiguration section */

/* Begin XCConfigurationList section */
		E20035FA27ADD31D00BEB7C3 /* Build configuration list for PBXProject "Flix" */ = {
			isa = XCConfigurationList;
			buildConfigurations = (
				E200362727ADD31F00BEB7C3 /* Debug */,
				E200362827ADD31F00BEB7C3 /* Release */,
			);
			defaultConfigurationIsVisible = 0;
			defaultConfigurationName = Release;
		};
		E200362927ADD31F00BEB7C3 /* Build configuration list for PBXNativeTarget "Flix" */ = {
			isa = XCConfigurationList;
			buildConfigurations = (
				E200362A27ADD31F00BEB7C3 /* Debug */,
				E200362B27ADD31F00BEB7C3 /* Release */,
			);
			defaultConfigurationIsVisible = 0;
			defaultConfigurationName = Release;
		};
		E200362C27ADD31F00BEB7C3 /* Build configuration list for PBXNativeTarget "FlixTests" */ = {
			isa = XCConfigurationList;
			buildConfigurations = (
				E200362D27ADD31F00BEB7C3 /* Debug */,
				E200362E27ADD31F00BEB7C3 /* Release */,
			);
			defaultConfigurationIsVisible = 0;
			defaultConfigurationName = Release;
		};
		E200362F27ADD31F00BEB7C3 /* Build configuration list for PBXNativeTarget "FlixUITests" */ = {
			isa = XCConfigurationList;
			buildConfigurations = (
				E200363027ADD31F00BEB7C3 /* Debug */,
				E200363127ADD31F00BEB7C3 /* Release */,
			);
			defaultConfigurationIsVisible = 0;
			defaultConfigurationName = Release;
		};
/* End XCConfigurationList section */

/* Begin XCRemoteSwiftPackageReference section */
		E200363527B02EDE00BEB7C3 /* XCRemoteSwiftPackageReference "AlamofireImage" */ = {
			isa = XCRemoteSwiftPackageReference;
			repositoryURL = "https://github.com/Alamofire/AlamofireImage";
			requirement = {
				kind = upToNextMajorVersion;
				minimumVersion = 4.0.0;
			};
		};
/* End XCRemoteSwiftPackageReference section */

/* Begin XCSwiftPackageProductDependency section */
		E200363627B02EDE00BEB7C3 /* AlamofireImage */ = {
			isa = XCSwiftPackageProductDependency;
			package = E200363527B02EDE00BEB7C3 /* XCRemoteSwiftPackageReference "AlamofireImage" */;
			productName = AlamofireImage;
		};
/* End XCSwiftPackageProductDependency section */
	};
	rootObject = E20035F727ADD31D00BEB7C3 /* Project object */;
}
